
Microsoft Visual Studio Solution File, Format Version 12.00
# Visual Studio 15
VisualStudioVersion = 15.0.27428.2015
MinimumVisualStudioVersion = 10.0.40219.1
Project("{FAE04EC0-301F-11D3-BF4B-00C04F79EFBC}") = "hermesgroupapp", "hermesgroupapp\hermesgroupapp.csproj", "{632387DA-CCAD-4E1B-AA26-B47583E4AAD6}"
EndProject
Project("{FAE04EC0-301F-11D3-BF4B-00C04F79EFBC}") = "hermesgroupmvc", "hermesgroupmvc\hermesgroupmvc.csproj", "{598B9DA4-1FE7-40E1-8D11-10D0B14EFFCC}"
EndProject
Project("{FAE04EC0-301F-11D3-BF4B-00C04F79EFBC}") = "hermesudemy", "hermesudemy\hermesudemy.csproj", "{900194A3-F0B7-4C4B-A56E-A406C8B4341B}"
EndProject
Project("{FAE04EC0-301F-11D3-BF4B-00C04F79EFBC}") = "hermesmvc", "hermesmvc\hermesmvc.csproj", "{672B605B-2704-4BEE-BCC7-7CFBA95E20B7}"
EndProject
Global
	GlobalSection(SolutionConfigurationPlatforms) = preSolution
		Debug|Any CPU = Debug|Any CPU
		Release|Any CPU = Release|Any CPU
	EndGlobalSection
	GlobalSection(ProjectConfigurationPlatforms) = postSolution
		{632387DA-CCAD-4E1B-AA26-B47583E4AAD6}.Debug|Any CPU.ActiveCfg = Debug|Any CPU
		{632387DA-CCAD-4E1B-AA26-B47583E4AAD6}.Debug|Any CPU.Build.0 = Debug|Any CPU
		{632387DA-CCAD-4E1B-AA26-B47583E4AAD6}.Release|Any CPU.ActiveCfg = Release|Any CPU
		{632387DA-CCAD-4E1B-AA26-B47583E4AAD6}.Release|Any CPU.Build.0 = Release|Any CPU
		{598B9DA4-1FE7-40E1-8D11-10D0B14EFFCC}.Debug|Any CPU.ActiveCfg = Debug|Any CPU
		{598B9DA4-1FE7-40E1-8D11-10D0B14EFFCC}.Debug|Any CPU.Build.0 = Debug|Any CPU
		{598B9DA4-1FE7-40E1-8D11-10D0B14EFFCC}.Release|Any CPU.ActiveCfg = Release|Any CPU
		{598B9DA4-1FE7-40E1-8D11-10D0B14EFFCC}.Release|Any CPU.Build.0 = Release|Any CPU
		{900194A3-F0B7-4C4B-A56E-A406C8B4341B}.Debug|Any CPU.ActiveCfg = Debug|Any CPU
		{900194A3-F0B7-4C4B-A56E-A406C8B4341B}.Debug|Any CPU.Build.0 = Debug|Any CPU
		{900194A3-F0B7-4C4B-A56E-A406C8B4341B}.Release|Any CPU.ActiveCfg = Release|Any CPU
		{900194A3-F0B7-4C4B-A56E-A406C8B4341B}.Release|Any CPU.Build.0 = Release|Any CPU
		{672B605B-2704-4BEE-BCC7-7CFBA95E20B7}.Debug|Any CPU.ActiveCfg = Debug|Any CPU
		{672B605B-2704-4BEE-BCC7-7CFBA95E20B7}.Debug|Any CPU.Build.0 = Debug|Any CPU
		{672B605B-2704-4BEE-BCC7-7CFBA95E20B7}.Release|Any CPU.ActiveCfg = Release|Any CPU
		{672B605B-2704-4BEE-BCC7-7CFBA95E20B7}.Release|Any CPU.Build.0 = Release|Any CPU
	EndGlobalSection
	GlobalSection(SolutionProperties) = preSolution
		HideSolutionNode = FALSE
	EndGlobalSection
	GlobalSection(ExtensibilityGlobals) = postSolution
		SolutionGuid = {4626970B-6B00-4BA2-A2FB-434B1C64F92D}
	EndGlobalSection
EndGlobal
